
Microsoft Visual Studio Solution File, Format Version 12.00
# Visual Studio Version 16
VisualStudioVersion = 16.0.31729.503
MinimumVisualStudioVersion = 10.0.40219.1
Project("{FAE04EC0-301F-11D3-BF4B-00C04F79EFBC}") = "ClassLibraryLab4", "ClassLibraryLab4\ClassLibraryLab4.csproj", "{487EC06A-4BDB-44E1-93F1-4F993984277F}"
EndProject
Global
	GlobalSection(SolutionConfigurationPlatforms) = preSolution
		Debug|Any CPU = Debug|Any CPU
		Release|Any CPU = Release|Any CPU
	EndGlobalSection
	GlobalSection(ProjectConfigurationPlatforms) = postSolution
		{487EC06A-4BDB-44E1-93F1-4F993984277F}.Debug|Any CPU.ActiveCfg = Debug|Any CPU
		{487EC06A-4BDB-44E1-93F1-4F993984277F}.Debug|Any CPU.Build.0 = Debug|Any CPU
		{487EC06A-4BDB-44E1-93F1-4F993984277F}.Release|Any CPU.ActiveCfg = Release|Any CPU
		{487EC06A-4BDB-44E1-93F1-4F993984277F}.Release|Any CPU.Build.0 = Release|Any CPU
	EndGlobalSection
	GlobalSection(SolutionProperties) = preSolution
		HideSolutionNode = FALSE
	EndGlobalSection
	GlobalSection(ExtensibilityGlobals) = postSolution
		SolutionGuid = {06CC4FC4-D6F1-4847-BC85-88B9CF6D12D6}
	EndGlobalSection
EndGlobal
